
Microsoft Visual Studio Solution File, Format Version 12.00
# Visual Studio Version 17
VisualStudioVersion = 17.3.32922.545
MinimumVisualStudioVersion = 10.0.40219.1
Project("{FAE04EC0-301F-11D3-BF4B-00C04F79EFBC}") = "CNNdetect", "CNNdetect\CNNdetect.csproj", "{5797B1F6-93FB-413F-92E0-6854D143CB16}"
EndProject
Global
	GlobalSection(SolutionConfigurationPlatforms) = preSolution
		Debug|Any CPU = Debug|Any CPU
		Release|Any CPU = Release|Any CPU
	EndGlobalSection
	GlobalSection(ProjectConfigurationPlatforms) = postSolution
		{5797B1F6-93FB-413F-92E0-6854D143CB16}.Debug|Any CPU.ActiveCfg = Debug|Any CPU
		{5797B1F6-93FB-413F-92E0-6854D143CB16}.Debug|Any CPU.Build.0 = Debug|Any CPU
		{5797B1F6-93FB-413F-92E0-6854D143CB16}.Release|Any CPU.ActiveCfg = Release|Any CPU
		{5797B1F6-93FB-413F-92E0-6854D143CB16}.Release|Any CPU.Build.0 = Release|Any CPU
	EndGlobalSection
	GlobalSection(SolutionProperties) = preSolution
		HideSolutionNode = FALSE
	EndGlobalSection
	GlobalSection(ExtensibilityGlobals) = postSolution
		SolutionGuid = {BC96C2A8-41A1-4562-A9F5-70AED8BC2438}
	EndGlobalSection
EndGlobal
